
Microsoft Visual Studio Solution File, Format Version 12.00
# Visual Studio Version 16
VisualStudioVersion = 16.0.30907.101
MinimumVisualStudioVersion = 10.0.40219.1
Project("{9A19103F-16F7-4668-BE54-9A1E7A4F7556}") = "DataAccess", "DataAccess\DataAccess.csproj", "{48B90141-E61F-4EE5-A66A-A02B05F72A59}"
EndProject
Project("{9A19103F-16F7-4668-BE54-9A1E7A4F7556}") = "Business", "Business\Business.csproj", "{465CB329-BCCE-42AC-9774-3D3B1E97F7BF}"
EndProject
Project("{9A19103F-16F7-4668-BE54-9A1E7A4F7556}") = "Entities", "Entities\Entities.csproj", "{EC1FDC62-87BA-4C13-B004-E16AFD7ED7AD}"
EndProject
Project("{9A19103F-16F7-4668-BE54-9A1E7A4F7556}") = "ConsoleUI", "ConsoleUI\ConsoleUI.csproj", "{50AC3413-7B66-4D6A-91D1-DDEAA0731B9A}"
EndProject
Project("{FAE04EC0-301F-11D3-BF4B-00C04F79EFBC}") = "Core", "Core\Core.csproj", "{EC17AF40-3C9B-43DA-B0FB-ED86EE1F8353}"
EndProject
Global
	GlobalSection(SolutionConfigurationPlatforms) = preSolution
		Debug|Any CPU = Debug|Any CPU
		Release|Any CPU = Release|Any CPU
	EndGlobalSection
	GlobalSection(ProjectConfigurationPlatforms) = postSolution
		{48B90141-E61F-4EE5-A66A-A02B05F72A59}.Debug|Any CPU.ActiveCfg = Debug|Any CPU
		{48B90141-E61F-4EE5-A66A-A02B05F72A59}.Debug|Any CPU.Build.0 = Debug|Any CPU
		{48B90141-E61F-4EE5-A66A-A02B05F72A59}.Release|Any CPU.ActiveCfg = Release|Any CPU
		{48B90141-E61F-4EE5-A66A-A02B05F72A59}.Release|Any CPU.Build.0 = Release|Any CPU
		{465CB329-BCCE-42AC-9774-3D3B1E97F7BF}.Debug|Any CPU.ActiveCfg = Debug|Any CPU
		{465CB329-BCCE-42AC-9774-3D3B1E97F7BF}.Debug|Any CPU.Build.0 = Debug|Any CPU
		{465CB329-BCCE-42AC-9774-3D3B1E97F7BF}.Release|Any CPU.ActiveCfg = Release|Any CPU
		{465CB329-BCCE-42AC-9774-3D3B1E97F7BF}.Release|Any CPU.Build.0 = Release|Any CPU
		{EC1FDC62-87BA-4C13-B004-E16AFD7ED7AD}.Debug|Any CPU.ActiveCfg = Debug|Any CPU
		{EC1FDC62-87BA-4C13-B004-E16AFD7ED7AD}.Debug|Any CPU.Build.0 = Debug|Any CPU
		{EC1FDC62-87BA-4C13-B004-E16AFD7ED7AD}.Release|Any CPU.ActiveCfg = Release|Any CPU
		{EC1FDC62-87BA-4C13-B004-E16AFD7ED7AD}.Release|Any CPU.Build.0 = Release|Any CPU
		{50AC3413-7B66-4D6A-91D1-DDEAA0731B9A}.Debug|Any CPU.ActiveCfg = Debug|Any CPU
		{50AC3413-7B66-4D6A-91D1-DDEAA0731B9A}.Debug|Any CPU.Build.0 = Debug|Any CPU
		{50AC3413-7B66-4D6A-91D1-DDEAA0731B9A}.Release|Any CPU.ActiveCfg = Release|Any CPU
		{50AC3413-7B66-4D6A-91D1-DDEAA0731B9A}.Release|Any CPU.Build.0 = Release|Any CPU
		{EC17AF40-3C9B-43DA-B0FB-ED86EE1F8353}.Debug|Any CPU.ActiveCfg = Debug|Any CPU
		{EC17AF40-3C9B-43DA-B0FB-ED86EE1F8353}.Debug|Any CPU.Build.0 = Debug|Any CPU
		{EC17AF40-3C9B-43DA-B0FB-ED86EE1F8353}.Release|Any CPU.ActiveCfg = Release|Any CPU
		{EC17AF40-3C9B-43DA-B0FB-ED86EE1F8353}.Release|Any CPU.Build.0 = Release|Any CPU
	EndGlobalSection
	GlobalSection(SolutionProperties) = preSolution
		HideSolutionNode = FALSE
	EndGlobalSection
	GlobalSection(ExtensibilityGlobals) = postSolution
		SolutionGuid = {B28F4998-F29E-4146-B11F-2DC0D9D18E6A}
	EndGlobalSection
EndGlobal
